
Microsoft Visual Studio Solution File, Format Version 12.00
# Visual Studio Version 17
VisualStudioVersion = 17.11.35222.181
MinimumVisualStudioVersion = 10.0.40219.1
Project("{FAE04EC0-301F-11D3-BF4B-00C04F79EFBC}") = "Strenkoski-Final", "Strenkoski-Final\Strenkoski-Final.csproj", "{4E610465-6AAC-4682-9B08-B4753B3E5F69}"
EndProject
Global
	GlobalSection(SolutionConfigurationPlatforms) = preSolution
		Debug|Any CPU = Debug|Any CPU
		Release|Any CPU = Release|Any CPU
	EndGlobalSection
	GlobalSection(ProjectConfigurationPlatforms) = postSolution
		{4E610465-6AAC-4682-9B08-B4753B3E5F69}.Debug|Any CPU.ActiveCfg = Debug|Any CPU
		{4E610465-6AAC-4682-9B08-B4753B3E5F69}.Debug|Any CPU.Build.0 = Debug|Any CPU
		{4E610465-6AAC-4682-9B08-B4753B3E5F69}.Release|Any CPU.ActiveCfg = Release|Any CPU
		{4E610465-6AAC-4682-9B08-B4753B3E5F69}.Release|Any CPU.Build.0 = Release|Any CPU
	EndGlobalSection
	GlobalSection(SolutionProperties) = preSolution
		HideSolutionNode = FALSE
	EndGlobalSection
	GlobalSection(ExtensibilityGlobals) = postSolution
		SolutionGuid = {890BDC66-B4AC-40A6-93A8-E91D1975927F}
	EndGlobalSection
EndGlobal
